<?xml version="1.0" encoding="utf-8"?>
<Project ToolsVersion="4.0" xmlns="http://schemas.microsoft.com/developer/msbuild/2003">
  <ItemGroup>
    <ClCompile Include="source\main.cpp">
      <Filter>source</Filter>
    </ClCompile>
    <ClCompile Include="source\app\app.cpp">
      <Filter>source\app</Filter>
    </ClCompile>
    <ClCompile Include="source\device\input.cpp">
      <Filter>source\device</Filter>
    </ClCompile>
    <ClCompile Include="source\gui\imgui_demo.cpp">
      <Filter>source\gui</Filter>
    </ClCompile>
    <ClCompile Include="source\gui\imgui_draw.cpp">
      <Filter>source\gui</Filter>
    </ClCompile>
    <ClCompile Include="source\gui\imgui_impl_dx11.cpp">
      <Filter>source\gui</Filter>
    </ClCompile>
    <ClCompile Include="source\lib\vector.cpp">
      <Filter>source\lib</Filter>
    </ClCompile>
    <ClCompile Include="source\model\model_manager.cpp">
      <Filter>source\model</Filter>
    </ClCompile>
    <ClCompile Include="source\model\model.cpp">
      <Filter>source\model</Filter>
    </ClCompile>
    <ClCompile Include="source\object\object.cpp">
      <Filter>source\object</Filter>
    </ClCompile>
    <ClCompile Include="source\object\camera\camera.cpp">
      <Filter>source\object\camera</Filter>
    </ClCompile>
    <ClCompile Include="source\object\camera\light_camera.cpp">
      <Filter>source\object\camera</Filter>
    </ClCompile>
    <ClCompile Include="source\object\camera\main_camera.cpp">
      <Filter>source\object\camera</Filter>
    </ClCompile>
    <ClCompile Include="source\object\canvas\canvas.cpp">
      <Filter>source\object\canvas</Filter>
    </ClCompile>
    <ClCompile Include="source\object\canvas\canvas_manager.cpp">
      <Filter>source\object\canvas</Filter>
    </ClCompile>
    <ClCompile Include="source\object\canvas\shadow_map\shadow_map.cpp">
      <Filter>source\object\canvas\shadow_map</Filter>
    </ClCompile>
    <ClCompile Include="source\object\character\player\player.cpp">
      <Filter>source\object\character\player</Filter>
    </ClCompile>
    <ClCompile Include="source\object\character\character.cpp">
      <Filter>source\object\character</Filter>
    </ClCompile>
    <ClCompile Include="source\object\mesh\mesh.cpp">
      <Filter>source\object\mesh</Filter>
    </ClCompile>
    <ClCompile Include="source\object\mesh\mesh_manager.cpp">
      <Filter>source\object\mesh</Filter>
    </ClCompile>
    <ClCompile Include="source\object\mesh\skybox\skybox.cpp">
      <Filter>source\object\mesh\sky_box</Filter>
    </ClCompile>
    <ClCompile Include="source\object\mesh\meshfiled\mesh_field.cpp">
      <Filter>source\object\mesh\mesh_filed</Filter>
    </ClCompile>
    <ClCompile Include="source\gui\imgui.cpp">
      <Filter>source\gui</Filter>
    </ClCompile>
    <ClCompile Include="source\renderer\render_manager.cpp">
      <Filter>source\renderer</Filter>
    </ClCompile>
    <ClCompile Include="source\renderer\renderer.cpp">
      <Filter>source\renderer</Filter>
    </ClCompile>
    <ClCompile Include="source\renderer\app_renderer.cpp">
      <Filter>source\renderer</Filter>
    </ClCompile>
    <ClCompile Include="source\shader\shader_manager.cpp">
      <Filter>source\shader</Filter>
    </ClCompile>
    <ClCompile Include="source\shader\shader.cpp">
      <Filter>source\shader</Filter>
    </ClCompile>
    <ClCompile Include="source\texture\texture.cpp">
      <Filter>source\texture</Filter>
    </ClCompile>
    <ClCompile Include="source\texture\texture_manager.cpp">
      <Filter>source\texture</Filter>
    </ClCompile>
    <ClCompile Include="source\object\mesh\grass\grass.cpp">
      <Filter>source\object\mesh\glass</Filter>
    </ClCompile>
    <ClCompile Include="source\object\character\enemy\enemy.cpp">
      <Filter>source\object\character\enemy</Filter>
    </ClCompile>
    <ClCompile Include="source\object\character\enemy\enemy_manager.cpp">
      <Filter>source\object\character\enemy</Filter>
    </ClCompile>
    <ClCompile Include="source\collision\collider.cpp">
      <Filter>source\collision</Filter>
    </ClCompile>
    <ClCompile Include="source\scene\title_scene.cpp">
      <Filter>source\scene</Filter>
    </ClCompile>
    <ClCompile Include="source\scene\tutorial_scene.cpp">
      <Filter>source\scene</Filter>
    </ClCompile>
    <ClCompile Include="source\scene\game_scene.cpp">
      <Filter>source\scene</Filter>
    </ClCompile>
    <ClCompile Include="source\scene\next_scene.cpp">
      <Filter>source\scene</Filter>
    </ClCompile>
    <ClCompile Include="source\object\canvas\player_life\player_life.cpp">
      <Filter>source\object\canvas\player_life</Filter>
    </ClCompile>
    <ClCompile Include="source\object\canvas\logo\logo.cpp">
      <Filter>source\object\canvas\logo</Filter>
    </ClCompile>
    <ClCompile Include="source\object\character\player\player_pattern_attack.cpp">
      <Filter>source\object\character\player</Filter>
    </ClCompile>
    <ClCompile Include="source\object\character\player\player_pattern_wait.cpp">
      <Filter>source\object\character\player</Filter>
    </ClCompile>
    <ClCompile Include="source\object\character\player\player_pattern_walk.cpp">
      <Filter>source\object\character\player</Filter>
    </ClCompile>
    <ClCompile Include="source\object\character\player\player_attack.cpp">
      <Filter>source\object\character\player</Filter>
    </ClCompile>
    <ClCompile Include="source\object\character\player\player_attack.h">
      <Filter>source\object\character\player</Filter>
    </ClCompile>
    <ClCompile Include="source\scene\fade_scene.cpp">
      <Filter>source\scene</Filter>
    </ClCompile>
    <ClCompile Include="source\object\camera\camera_pattern_compliance.cpp">
      <Filter>source\object\camera</Filter>
    </ClCompile>
    <ClCompile Include="source\object\camera\camera_pattern_lock_on.cpp">
      <Filter>source\object\camera</Filter>
    </ClCompile>
    <ClCompile Include="source\object\character\enemy\enemy_pattern_attack.cpp">
      <Filter>source\object\character\enemy</Filter>
    </ClCompile>
    <ClCompile Include="source\object\character\enemy\enemy_pattern_wait.cpp">
      <Filter>source\object\character\enemy</Filter>
    </ClCompile>
    <ClCompile Include="source\object\character\enemy\enemy_pattern_walk.cpp">
      <Filter>source\object\character\enemy</Filter>
    </ClCompile>
    <ClCompile Include="source\object\character\enemy\enemy_attack.cpp">
      <Filter>source\object\character\enemy</Filter>
    </ClCompile>
    <ClCompile Include="source\object\terrain\tree\tree.cpp">
      <Filter>source\object\terrain\tree</Filter>
    </ClCompile>
    <ClCompile Include="source\object\terrain\tree\tree_manager.cpp">
      <Filter>source\object\terrain\tree</Filter>
    </ClCompile>
    <ClCompile Include="source\object\terrain\terrain.cpp">
      <Filter>source\object\terrain</Filter>
    </ClCompile>
    <ClCompile Include="source\object\character\enemy\enemy_pattern_run.cpp">
      <Filter>source\object\character\enemy</Filter>
    </ClCompile>
    <ClCompile Include="source\object\character\enemy\enemy_search .cpp">
      <Filter>source\object\character\enemy</Filter>
    </ClCompile>
    <ClCompile Include="source\object\character\player\player_pattern_step.cpp">
      <Filter>source\object\character\player</Filter>
    </ClCompile>
    <ClCompile Include="source\object\character\player\player_pattern_avoid.cpp">
      <Filter>source\object\character\player</Filter>
    </ClCompile>
    <ClCompile Include="source\renderer\deferred _renderer.cpp">
      <Filter>source\renderer</Filter>
    </ClCompile>
    <ClCompile Include="source\object\character\enemy\enemy_life.cpp">
      <Filter>source\object\character\enemy</Filter>
    </ClCompile>
    <ClCompile Include="source\effect\effect_manager.cpp">
      <Filter>source\effect</Filter>
    </ClCompile>
    <ClCompile Include="source\object\character\enemy\enemy_pattern_hit.cpp">
      <Filter>source\object\character\enemy</Filter>
    </ClCompile>
    <ClCompile Include="source\object\character\enemy\enemy_pattern_deth.cpp">
      <Filter>source\object\character\enemy</Filter>
    </ClCompile>
    <ClCompile Include="source\object\camera\camera_pattern_title.cpp">
      <Filter>source\object\camera</Filter>
    </ClCompile>
    <ClCompile Include="source\object\canvas\press_start\press_start.cpp">
      <Filter>source\object\canvas\press_start</Filter>
    </ClCompile>
    <ClCompile Include="source\object\terrain\tree\tree_collider.cpp">
      <Filter>source\object\terrain\tree</Filter>
    </ClCompile>
    <ClCompile Include="source\object\character\player\player_pattern_deth.cpp">
      <Filter>source\object\character\player</Filter>
    </ClCompile>
    <ClCompile Include="source\object\canvas\game_over\game_over.cpp">
      <Filter>source\object\canvas\game_over</Filter>
    </ClCompile>
    <ClCompile Include="source\scene\game_over_scene.cpp">
      <Filter>source\scene</Filter>
    </ClCompile>
    <ClCompile Include="source\scene\game_clear_scene.cpp">
      <Filter>source\scene</Filter>
    </ClCompile>
    <ClCompile Include="source\object\canvas\game_clear\game_clear.cpp">
      <Filter>source\object\canvas\game_clear</Filter>
    </ClCompile>
    <ClCompile Include="source\object\character\player\player_attack_jump.cpp">
      <Filter>source\object\character\player</Filter>
    </ClCompile>
    <ClCompile Include="source\object\character\player\player_pattern_attack_jump.cpp">
      <Filter>source\object\character\player</Filter>
    </ClCompile>
    <ClCompile Include="source\Wwise_Common\AkFileLocationBase.cpp">
      <Filter>source\Wwise_Common</Filter>
    </ClCompile>
    <ClCompile Include="source\Wwise_Common\AkFilePackage.cpp">
      <Filter>source\Wwise_Common</Filter>
    </ClCompile>
    <ClCompile Include="source\Wwise_Common\AkFilePackageLUT.cpp">
      <Filter>source\Wwise_Common</Filter>
    </ClCompile>
    <ClCompile Include="source\Wwise_Common\AkDefaultLowLevelIODispatcher.cpp">
      <Filter>source\Wwise_Common</Filter>
    </ClCompile>
    <ClCompile Include="source\Wwise_Win32\AkDefaultIOHookBlocking.cpp">
      <Filter>source\Wwise_Win32</Filter>
    </ClCompile>
    <ClCompile Include="source\Wwise_Win32\AkDefaultIOHookDeferred.cpp">
      <Filter>source\Wwise_Win32</Filter>
    </ClCompile>
    <ClCompile Include="source\Wwise_Win32\stdafx.cpp">
      <Filter>source\Wwise_Win32</Filter>
    </ClCompile>
    <ClCompile Include="source\wwise\Wwise.cpp">
      <Filter>source\wwise</Filter>
    </ClCompile>
    <ClCompile Include="source\collision\collision_manager.cpp">
      <Filter>source\collision</Filter>
    </ClCompile>
    <ClCompile Include="source\scene\pause_scene.cpp">
      <Filter>source\scene</Filter>
    </ClCompile>
    <ClCompile Include="source\object\canvas\cursor\cursor.cpp">
      <Filter>source\object\canvas\cursor</Filter>
    </ClCompile>
    <ClCompile Include="source\object\canvas\pause_menu\pause_menu.cpp">
      <Filter>source\object\canvas\pause_menu</Filter>
    </ClCompile>
    <ClCompile Include="source\object\canvas\operation\operation.cpp">
      <Filter>source\object\canvas\operation</Filter>
    </ClCompile>
    <ClCompile Include="source\device\xbox_controller.cpp">
      <Filter>source\device</Filter>
    </ClCompile>
  </ItemGroup>
  <ItemGroup>
    <ClInclude Include="source\app\app.h">
      <Filter>source\app</Filter>
    </ClInclude>
    <ClInclude Include="source\device\input.h">
      <Filter>source\device</Filter>
    </ClInclude>
    <ClInclude Include="source\gui\imgui_impl_dx11.h">
      <Filter>source\gui</Filter>
    </ClInclude>
    <ClInclude Include="source\gui\imgui_internal.h">
      <Filter>source\gui</Filter>
    </ClInclude>
    <ClInclude Include="source\gui\stb_rect_pack.h">
      <Filter>source\gui</Filter>
    </ClInclude>
    <ClInclude Include="source\gui\stb_textedit.h">
      <Filter>source\gui</Filter>
    </ClInclude>
    <ClInclude Include="source\gui\stb_truetype.h">
      <Filter>source\gui</Filter>
    </ClInclude>
    <ClInclude Include="source\lib\vector.h">
      <Filter>source\lib</Filter>
    </ClInclude>
    <ClInclude Include="source\model\model_manager.h">
      <Filter>source\model</Filter>
    </ClInclude>
    <ClInclude Include="source\model\model.h">
      <Filter>source\model</Filter>
    </ClInclude>
    <ClInclude Include="source\object\object.h">
      <Filter>source\object</Filter>
    </ClInclude>
    <ClInclude Include="source\object\camera\camera.h">
      <Filter>source\object\camera</Filter>
    </ClInclude>
    <ClInclude Include="source\object\camera\light_camera.h">
      <Filter>source\object\camera</Filter>
    </ClInclude>
    <ClInclude Include="source\object\camera\main_camera.h">
      <Filter>source\object\camera</Filter>
    </ClInclude>
    <ClInclude Include="source\object\canvas\canvas.h">
      <Filter>source\object\canvas</Filter>
    </ClInclude>
    <ClInclude Include="source\object\canvas\shadow_map\shadow_map.h">
      <Filter>source\object\canvas\shadow_map</Filter>
    </ClInclude>
    <ClInclude Include="source\object\character\player\player.h">
      <Filter>source\object\character\player</Filter>
    </ClInclude>
    <ClInclude Include="source\object\character\character.h">
      <Filter>source\object\character</Filter>
    </ClInclude>
    <ClInclude Include="source\object\mesh\mesh.h">
      <Filter>source\object\mesh</Filter>
    </ClInclude>
    <ClInclude Include="source\object\mesh\mesh_manager.h">
      <Filter>source\object\mesh</Filter>
    </ClInclude>
    <ClInclude Include="source\object\mesh\skybox\skybox.h">
      <Filter>source\object\mesh\sky_box</Filter>
    </ClInclude>
    <ClInclude Include="source\object\mesh\meshfiled\mesh_field.h">
      <Filter>source\object\mesh\mesh_filed</Filter>
    </ClInclude>
    <ClInclude Include="source\gui\imconfig.h">
      <Filter>source\gui</Filter>
    </ClInclude>
    <ClInclude Include="source\gui\imgui.h">
      <Filter>source\gui</Filter>
    </ClInclude>
    <ClInclude Include="source\renderer\render_manager.h">
      <Filter>source\renderer</Filter>
    </ClInclude>
    <ClInclude Include="source\renderer\renderer.h">
      <Filter>source\renderer</Filter>
    </ClInclude>
    <ClInclude Include="source\renderer\app_renderer.h">
      <Filter>source\renderer</Filter>
    </ClInclude>
    <ClInclude Include="source\shader\shader_manager.h">
      <Filter>source\shader</Filter>
    </ClInclude>
    <ClInclude Include="source\shader\shader.h">
      <Filter>source\shader</Filter>
    </ClInclude>
    <ClInclude Include="source\texture\stb_image.h">
      <Filter>source\texture</Filter>
    </ClInclude>
    <ClInclude Include="source\texture\texture.h">
      <Filter>source\texture</Filter>
    </ClInclude>
    <ClInclude Include="source\texture\texture_manager.h">
      <Filter>source\texture</Filter>
    </ClInclude>
    <ClInclude Include="source\object\mesh\grass\grass.h">
      <Filter>source\object\mesh\glass</Filter>
    </ClInclude>
    <ClInclude Include="source\utility\utility.h">
      <Filter>source\utility</Filter>
    </ClInclude>
    <ClInclude Include="source\object\character\enemy\enemy.h">
      <Filter>source\object\character\enemy</Filter>
    </ClInclude>
    <ClInclude Include="source\object\character\enemy\enemy_manager.h">
      <Filter>source\object\character\enemy</Filter>
    </ClInclude>
    <ClInclude Include="source\collision\collider.h">
      <Filter>source\collision</Filter>
    </ClInclude>
    <ClInclude Include="source\collision\collision_manager.h">
      <Filter>source\collision</Filter>
    </ClInclude>
    <ClInclude Include="source\scene\scene.h">
      <Filter>source\scene</Filter>
    </ClInclude>
    <ClInclude Include="source\scene\game_scene.h">
      <Filter>source\scene</Filter>
    </ClInclude>
    <ClInclude Include="source\scene\title_scene.h">
      <Filter>source\scene</Filter>
    </ClInclude>
    <ClInclude Include="source\scene\tutorial_scene.h">
      <Filter>source\scene</Filter>
    </ClInclude>
    <ClInclude Include="source\scene\next_scene.h">
      <Filter>source\scene</Filter>
    </ClInclude>
    <ClInclude Include="source\object\canvas\player_life\player_life.h">
      <Filter>source\object\canvas\player_life</Filter>
    </ClInclude>
    <ClInclude Include="source\object\character\player\player_pattern.h">
      <Filter>source\object\character\player</Filter>
    </ClInclude>
    <ClInclude Include="source\object\character\player\player_pattern_attack.h">
      <Filter>source\object\character\player</Filter>
    </ClInclude>
    <ClInclude Include="source\object\character\player\player_pattern_wait.h">
      <Filter>source\object\character\player</Filter>
    </ClInclude>
    <ClInclude Include="source\object\character\player\player_pattern_walk.h">
      <Filter>source\object\character\player</Filter>
    </ClInclude>
    <ClInclude Include="source\scene\fade_scene.h">
      <Filter>source\scene</Filter>
    </ClInclude>
    <ClInclude Include="source\object\camera\camera_pattern.h">
      <Filter>source\object\camera</Filter>
    </ClInclude>
    <ClInclude Include="source\object\camera\camera_pattern_compliance.h">
      <Filter>source\object\camera</Filter>
    </ClInclude>
    <ClInclude Include="source\object\camera\camera_pattern_lock_on.h">
      <Filter>source\object\camera</Filter>
    </ClInclude>
    <ClInclude Include="source\object\character\enemy\enemy_pattern.h">
      <Filter>source\object\character\enemy</Filter>
    </ClInclude>
    <ClInclude Include="source\object\character\enemy\enemy_pattern_attack.h">
      <Filter>source\object\character\enemy</Filter>
    </ClInclude>
    <ClInclude Include="source\object\character\enemy\enemy_pattern_wait.h">
      <Filter>source\object\character\enemy</Filter>
    </ClInclude>
    <ClInclude Include="source\object\character\enemy\enemy_pattern_walk.h">
      <Filter>source\object\character\enemy</Filter>
    </ClInclude>
    <ClInclude Include="source\object\character\enemy\enemy_attack.h">
      <Filter>source\object\character\enemy</Filter>
    </ClInclude>
    <ClInclude Include="source\object\terrain\tree\tree.h">
      <Filter>source\object\terrain\tree</Filter>
    </ClInclude>
    <ClInclude Include="source\object\terrain\tree\tree_manager.h">
      <Filter>source\object\terrain\tree</Filter>
    </ClInclude>
    <ClInclude Include="source\object\terrain\terrain.h">
      <Filter>source\object\terrain</Filter>
    </ClInclude>
    <ClInclude Include="source\object\character\enemy\enemy_pattern_run.h">
      <Filter>source\object\character\enemy</Filter>
    </ClInclude>
    <ClInclude Include="source\object\character\enemy\enemy_search .h">
      <Filter>source\object\character\enemy</Filter>
    </ClInclude>
    <ClInclude Include="source\object\character\player\player_pattern_step.h">
      <Filter>source\object\character\player</Filter>
    </ClInclude>
    <ClInclude Include="source\object\character\player\player_pattern_avoid.h">
      <Filter>source\object\character\player</Filter>
    </ClInclude>
    <ClInclude Include="source\renderer\deferred _renderer.h">
      <Filter>source\renderer</Filter>
    </ClInclude>
    <ClInclude Include="source\object\canvas\canvas_manager.h">
      <Filter>source\object\canvas</Filter>
    </ClInclude>
    <ClInclude Include="source\object\character\enemy\enemy_life.h">
      <Filter>source\object\character\enemy</Filter>
    </ClInclude>
    <ClInclude Include="source\effect\effect_manager.h">
      <Filter>source\effect</Filter>
    </ClInclude>
    <ClInclude Include="source\object\character\enemy\enemy_pattern_hit.h">
      <Filter>source\object\character\enemy</Filter>
    </ClInclude>
    <ClInclude Include="source\object\character\enemy\enemy_pattern_deth.h">
      <Filter>source\object\character\enemy</Filter>
    </ClInclude>
    <ClInclude Include="source\object\camera\camera_pattern_title.h">
      <Filter>source\object\camera</Filter>
    </ClInclude>
    <ClInclude Include="source\object\canvas\press_start\press_start.h">
      <Filter>source\object\canvas\press_start</Filter>
    </ClInclude>
    <ClInclude Include="source\object\terrain\tree\tree_collider.h">
      <Filter>source\object\terrain\tree</Filter>
    </ClInclude>
    <ClInclude Include="source\object\character\player\player_pattern_deth.h">
      <Filter>source\object\character\player</Filter>
    </ClInclude>
    <ClInclude Include="source\object\canvas\game_over\game_over.h">
      <Filter>source\object\canvas\game_over</Filter>
    </ClInclude>
    <ClInclude Include="source\scene\game_over_scene.h">
      <Filter>source\scene</Filter>
    </ClInclude>
    <ClInclude Include="source\scene\game_clear_scene.h">
      <Filter>source\scene</Filter>
    </ClInclude>
    <ClInclude Include="source\object\canvas\game_clear\game_clear.h">
      <Filter>source\object\canvas\game_clear</Filter>
    </ClInclude>
    <ClInclude Include="source\object\character\player\player_attack_jump.h">
      <Filter>source\object\character\player</Filter>
    </ClInclude>
    <ClInclude Include="source\object\character\player\player_pattern_attack_jump.h">
      <Filter>source\object\character\player</Filter>
    </ClInclude>
    <ClInclude Include="source\Wwise_Common\AkFileLocationBase.h">
      <Filter>source\Wwise_Common</Filter>
    </ClInclude>
    <ClInclude Include="source\Wwise_Common\AkFilePackage.h">
      <Filter>source\Wwise_Common</Filter>
    </ClInclude>
    <ClInclude Include="source\Wwise_Common\AkFilePackageLowLevelIO.h">
      <Filter>source\Wwise_Common</Filter>
    </ClInclude>
    <ClInclude Include="source\Wwise_Common\AkFilePackageLUT.h">
      <Filter>source\Wwise_Common</Filter>
    </ClInclude>
    <ClInclude Include="source\Wwise_Common\AkMultipleFileLocation.h">
      <Filter>source\Wwise_Common</Filter>
    </ClInclude>
    <ClInclude Include="source\Wwise_Common\AkDefaultLowLevelIODispatcher.h">
      <Filter>source\Wwise_Common</Filter>
    </ClInclude>
    <ClInclude Include="source\Wwise_Win32\AkDefaultIOHookBlocking.h">
      <Filter>source\Wwise_Win32</Filter>
    </ClInclude>
    <ClInclude Include="source\Wwise_Win32\AkDefaultIOHookDeferred.h">
      <Filter>source\Wwise_Win32</Filter>
    </ClInclude>
    <ClInclude Include="source\Wwise_Win32\AkFileHelpers.h">
      <Filter>source\Wwise_Win32</Filter>
    </ClInclude>
    <ClInclude Include="source\Wwise_Win32\AkFilePackageLowLevelIOBlocking.h">
      <Filter>source\Wwise_Win32</Filter>
    </ClInclude>
    <ClInclude Include="source\Wwise_Win32\AkFilePackageLowLevelIODeferred.h">
      <Filter>source\Wwise_Win32</Filter>
    </ClInclude>
    <ClInclude Include="source\Wwise_Win32\stdafx.h">
      <Filter>source\Wwise_Win32</Filter>
    </ClInclude>
    <ClInclude Include="source\wwise\Wwise.h">
      <Filter>source\wwise</Filter>
    </ClInclude>
    <ClInclude Include="source\wwise\Wwise_IDs.h">
      <Filter>source\wwise</Filter>
    </ClInclude>
    <ClInclude Include="source\object\canvas\logo\logo.h">
      <Filter>source\object\canvas\logo</Filter>
    </ClInclude>
    <ClInclude Include="source\scene\pause_scene.h">
      <Filter>source\scene</Filter>
    </ClInclude>
    <ClInclude Include="source\object\canvas\cursor\cursor.h">
      <Filter>source\object\canvas\cursor</Filter>
    </ClInclude>
    <ClInclude Include="source\object\canvas\pause_menu\pause_menu.h">
      <Filter>source\object\canvas\pause_menu</Filter>
    </ClInclude>
    <ClInclude Include="source\object\canvas\operation\operation.h">
      <Filter>source\object\canvas\operation</Filter>
    </ClInclude>
    <ClInclude Include="source\device\xbox_controller.h">
      <Filter>source\device</Filter>
    </ClInclude>
  </ItemGroup>
  <ItemGroup>
    <Filter Include="source">
      <UniqueIdentifier>{f34a030d-286c-4a41-a7ab-894aa81fcb0e}</UniqueIdentifier>
    </Filter>
    <Filter Include="source\app">
      <UniqueIdentifier>{e42cca67-b5be-4d5a-ad12-cb7b68be5984}</UniqueIdentifier>
    </Filter>
    <Filter Include="source\device">
      <UniqueIdentifier>{7c2712ce-f1e1-4131-bf09-9902f0c95a6b}</UniqueIdentifier>
    </Filter>
    <Filter Include="source\gui">
      <UniqueIdentifier>{cec83c26-1945-465d-9ad6-c829667cc588}</UniqueIdentifier>
    </Filter>
    <Filter Include="source\lib">
      <UniqueIdentifier>{a66d6b0d-177b-4000-8a77-624307d765ab}</UniqueIdentifier>
    </Filter>
    <Filter Include="source\model">
      <UniqueIdentifier>{fa8c0436-7830-4171-9684-01e2b88e6ccb}</UniqueIdentifier>
    </Filter>
    <Filter Include="source\object">
      <UniqueIdentifier>{eb3c6a59-b8a7-4d4f-8045-5648c4eaefc1}</UniqueIdentifier>
    </Filter>
    <Filter Include="source\object\camera">
      <UniqueIdentifier>{a2b8a8f8-d5e9-4949-b666-463e932a95ea}</UniqueIdentifier>
    </Filter>
    <Filter Include="source\object\canvas">
      <UniqueIdentifier>{a36b9f59-32f9-464c-a4eb-096923cb2b79}</UniqueIdentifier>
    </Filter>
    <Filter Include="source\object\character">
      <UniqueIdentifier>{90b3375b-43d0-4de7-81dc-0bd702e028d8}</UniqueIdentifier>
    </Filter>
    <Filter Include="source\object\mesh">
      <UniqueIdentifier>{3f75d414-25c2-4ddb-988f-3c8174efbeb9}</UniqueIdentifier>
    </Filter>
    <Filter Include="source\object\canvas\shadow_map">
      <UniqueIdentifier>{d728a35c-cfa2-452d-a9a2-09fe0de1dbb3}</UniqueIdentifier>
    </Filter>
    <Filter Include="source\object\character\player">
      <UniqueIdentifier>{6fe94d4b-beb0-42fd-8966-ceb8b9145bc6}</UniqueIdentifier>
    </Filter>
    <Filter Include="source\object\mesh\mesh_filed">
      <UniqueIdentifier>{13a57f6e-46a8-46f3-abd7-5127d59e33b3}</UniqueIdentifier>
    </Filter>
    <Filter Include="source\object\mesh\sky_box">
      <UniqueIdentifier>{fc718a1b-e8af-47de-a00e-db728a58251b}</UniqueIdentifier>
    </Filter>
    <Filter Include="source\renderer">
      <UniqueIdentifier>{3e5933e2-1a08-47f2-aa3a-3b8da0baeab8}</UniqueIdentifier>
    </Filter>
    <Filter Include="source\shader">
      <UniqueIdentifier>{88562584-f9f7-4cb1-9d97-7b8dbc72262c}</UniqueIdentifier>
    </Filter>
    <Filter Include="source\texture">
      <UniqueIdentifier>{4c242553-53ca-4306-9e07-e8b7788121d2}</UniqueIdentifier>
    </Filter>
    <Filter Include="resource">
      <UniqueIdentifier>{5234bdb4-51b7-45a3-b7b4-9076a05cdd46}</UniqueIdentifier>
    </Filter>
    <Filter Include="resource\shader">
      <UniqueIdentifier>{75267d7b-3aa2-4108-a41b-29046fbe86c0}</UniqueIdentifier>
    </Filter>
    <Filter Include="source\object\mesh\glass">
      <UniqueIdentifier>{4000b228-498d-4a95-b287-8b35fd732af2}</UniqueIdentifier>
    </Filter>
    <Filter Include="source\utility">
      <UniqueIdentifier>{e6999009-edb5-445e-84e9-c25d1688baf2}</UniqueIdentifier>
    </Filter>
    <Filter Include="source\object\character\enemy">
      <UniqueIdentifier>{603dade5-084f-4a7f-b860-09b2c98b2a57}</UniqueIdentifier>
    </Filter>
    <Filter Include="source\collision">
      <UniqueIdentifier>{9311c164-8ad1-4d89-ac51-41502e68e969}</UniqueIdentifier>
    </Filter>
    <Filter Include="source\scene">
      <UniqueIdentifier>{f5c1ed2e-7450-47e8-8110-2f622bee1d99}</UniqueIdentifier>
    </Filter>
    <Filter Include="source\object\canvas\player_life">
      <UniqueIdentifier>{328af145-be18-45ab-8ed3-96baf8310794}</UniqueIdentifier>
    </Filter>
    <Filter Include="source\object\canvas\logo">
      <UniqueIdentifier>{9f499b41-8e5f-4a99-bc0c-1fdb21867ba4}</UniqueIdentifier>
    </Filter>
    <Filter Include="source\object\terrain">
      <UniqueIdentifier>{614946b0-0faf-45ae-8278-18c806a234db}</UniqueIdentifier>
    </Filter>
    <Filter Include="source\object\terrain\tree">
      <UniqueIdentifier>{99420fb6-81a1-4b80-b72f-f906ece0b077}</UniqueIdentifier>
    </Filter>
    <Filter Include="source\effect">
      <UniqueIdentifier>{bfae1d45-6bea-4893-96f3-315fd7195eca}</UniqueIdentifier>
    </Filter>
    <Filter Include="source\object\canvas\press_start">
      <UniqueIdentifier>{73a57e15-9b11-4a21-8082-10bd69085d8a}</UniqueIdentifier>
    </Filter>
    <Filter Include="source\object\canvas\game_over">
      <UniqueIdentifier>{3015c005-49f2-4aa1-be45-4cc9574e409b}</UniqueIdentifier>
    </Filter>
    <Filter Include="source\object\canvas\game_clear">
      <UniqueIdentifier>{8e49148d-4216-4df7-b8c2-7d6044366a68}</UniqueIdentifier>
    </Filter>
    <Filter Include="source\wwise">
      <UniqueIdentifier>{1b185a77-c634-4818-8591-e7ff20aecd5a}</UniqueIdentifier>
    </Filter>
    <Filter Include="source\Wwise_Common">
      <UniqueIdentifier>{99f3b449-96b3-4999-abfe-61ae709e3a77}</UniqueIdentifier>
    </Filter>
    <Filter Include="source\Wwise_Win32">
      <UniqueIdentifier>{3e50de95-c349-4bfc-be37-ba91c4ccb124}</UniqueIdentifier>
    </Filter>
    <Filter Include="source\object\canvas\cursor">
      <UniqueIdentifier>{30f7e79a-5715-4779-8e00-3b5b4f426407}</UniqueIdentifier>
    </Filter>
    <Filter Include="source\object\canvas\pause_menu">
      <UniqueIdentifier>{f29432a0-819e-49e5-9d79-d0da93410e99}</UniqueIdentifier>
    </Filter>
    <Filter Include="source\object\canvas\operation">
      <UniqueIdentifier>{86a4ecf7-7b86-4b77-88ff-aa9d5e44b4bd}</UniqueIdentifier>
    </Filter>
  </ItemGroup>
  <ItemGroup>
    <ResourceCompile Include="icon.rc">
      <Filter>resource</Filter>
    </ResourceCompile>
  </ItemGroup>
  <ItemGroup>
    <FxCompile Include="resource\shader\matPixelShader.hlsl">
      <Filter>resource\shader</Filter>
    </FxCompile>
    <FxCompile Include="resource\shader\NormalPShader.hlsl">
      <Filter>resource\shader</Filter>
    </FxCompile>
    <FxCompile Include="resource\shader\NormalVShader.hlsl">
      <Filter>resource\shader</Filter>
    </FxCompile>
    <FxCompile Include="resource\shader\Pixel3DShader.hlsl">
      <Filter>resource\shader</Filter>
    </FxCompile>
    <FxCompile Include="resource\shader\PixelShader.hlsl">
      <Filter>resource\shader</Filter>
    </FxCompile>
    <FxCompile Include="resource\shader\Shadow.hlsl">
      <Filter>resource\shader</Filter>
    </FxCompile>
    <FxCompile Include="resource\shader\SkinMeshShader.hlsl">
      <Filter>resource\shader</Filter>
    </FxCompile>
    <FxCompile Include="resource\shader\ToonPixel.hlsl">
      <Filter>resource\shader</Filter>
    </FxCompile>
    <FxCompile Include="resource\shader\ToonShader.hlsl">
      <Filter>resource\shader</Filter>
    </FxCompile>
    <FxCompile Include="resource\shader\Vertex3DShader.hlsl">
      <Filter>resource\shader</Filter>
    </FxCompile>
    <FxCompile Include="resource\shader\VertexShader.hlsl">
      <Filter>resource\shader</Filter>
    </FxCompile>
    <FxCompile Include="GeometryGrass.hlsl">
      <Filter>resource\shader</Filter>
    </FxCompile>
    <FxCompile Include="resource\shader\VertexGrass.hlsl">
      <Filter>resource\shader</Filter>
    </FxCompile>
    <FxCompile Include="resource\shader\PixelGrass.hlsl">
      <Filter>resource\shader</Filter>
    </FxCompile>
    <FxCompile Include="resource\shader\ModelVertexShader.hlsl">
      <Filter>resource\shader</Filter>
    </FxCompile>
    <FxCompile Include="resource\shader\DeferredVS.hlsl">
      <Filter>resource\shader</Filter>
    </FxCompile>
    <FxCompile Include="resource\shader\DeferredPS.hlsl">
      <Filter>resource\shader</Filter>
    </FxCompile>
    <FxCompile Include="resource\shader\bureHPS.hlsl">
      <Filter>resource\shader</Filter>
    </FxCompile>
    <FxCompile Include="resource\shader\bureVPS.hlsl">
      <Filter>resource\shader</Filter>
    </FxCompile>
  </ItemGroup>
  <ItemGroup>
    <None Include="source\Wwise_Common\AkFilePackageLowLevelIO.inl">
      <Filter>source\Wwise_Common</Filter>
    </None>
    <None Include="source\Wwise_Common\AkMultipleFileLocation.inl">
      <Filter>source\Wwise_Common</Filter>
    </None>
  </ItemGroup>
</Project>